<?xml version="1.0" encoding="utf-8"?>
<Project ToolsVersion="4.0" xmlns="http://schemas.microsoft.com/developer/msbuild/2003">
  <ItemGroup>
    <Filter Include="Source Files">
      <UniqueIdentifier>{4FC737F1-C7A5-4376-A066-2A32D752A2FF}</UniqueIdentifier>
      <Extensions>cpp;c;cxx;def;odl;idl;hpj;bat;asm;asmx</Extensions>
    </Filter>
    <Filter Include="Header Files">
      <UniqueIdentifier>{93995380-89BD-4b04-88EB-625FBE52EBFB}</UniqueIdentifier>
      <Extensions>h;hpp;hxx;hm;inl;inc;xsd</Extensions>
    </Filter>
    <Filter Include="Resource Files">
      <UniqueIdentifier>{67DA6AB6-F800-4c08-8B7A-83BB121AAD01}</UniqueIdentifier>
      <Extensions>rc;ico;cur;bmp;dlg;rc2;rct;bin;rgs;gif;jpg;jpeg;jpe;resx</Extensions>
    </Filter>
    <Filter Include="XmlParser">
      <UniqueIdentifier>{c636ef70-5aa2-4187-b4c3-9e3127bc4e42}</UniqueIdentifier>
    </Filter>
    <Filter Include="DB">
      <UniqueIdentifier>{3d23ba2f-0412-4e46-b6cd-518d261e1de4}</UniqueIdentifier>
    </Filter>
  </ItemGroup>
  <ItemGroup>
    <ClCompile Include="server_tcp.cpp">
      <Filter>Source Files</Filter>
    </ClCompile>
    <ClCompile Include="stdafx.cpp">
      <Filter>Source Files</Filter>
    </ClCompile>
    <ClCompile Include="XmlParser\Functions.cpp">
      <Filter>XmlParser</Filter>
    </ClCompile>
    <ClCompile Include="XmlParser\pugixml.cpp">
      <Filter>XmlParser</Filter>
    </ClCompile>
    <ClCompile Include="XmlParser\XmlParser.cpp">
      <Filter>XmlParser</Filter>
    </ClCompile>
    <ClCompile Include="SqlServer.cpp">
      <Filter>Source Files</Filter>
    </ClCompile>
    <ClCompile Include="ASock.cpp">
      <Filter>Source Files</Filter>
    </ClCompile>
    <ClCompile Include="echo_server_udp.cpp">
      <Filter>Source Files</Filter>
    </ClCompile>
    <ClCompile Include="async_server_tcp.cpp">
      <Filter>Source Files</Filter>
    </ClCompile>
  </ItemGroup>
  <ItemGroup>
    <ClInclude Include="stdafx.h">
      <Filter>Header Files</Filter>
    </ClInclude>
    <ClInclude Include="XmlParser\Functions.h">
      <Filter>XmlParser</Filter>
    </ClInclude>
    <ClInclude Include="XmlParser\pugiconfig.hpp">
      <Filter>XmlParser</Filter>
    </ClInclude>
    <ClInclude Include="XmlParser\pugixml.hpp">
      <Filter>XmlParser</Filter>
    </ClInclude>
    <ClInclude Include="XmlParser\stdafx.h">
      <Filter>XmlParser</Filter>
    </ClInclude>
    <ClInclude Include="XmlParser\XmlParser.h">
      <Filter>XmlParser</Filter>
    </ClInclude>
    <ClInclude Include="SqlServer.h">
      <Filter>DB</Filter>
    </ClInclude>
    <ClInclude Include="ASock.hpp">
      <Filter>Header Files</Filter>
    </ClInclude>
    <ClInclude Include="msg_defines.h">
      <Filter>Header Files</Filter>
    </ClInclude>
    <ClInclude Include="CumBuffer.h">
      <Filter>Header Files</Filter>
    </ClInclude>
  </ItemGroup>
  <ItemGroup>
    <Text Include="ReadMe.txt" />
  </ItemGroup>
  <ItemGroup>
    <None Include="packages.config" />
  </ItemGroup>
</Project>